{
  "name": "tuf-cert-2017-11",
  "version": "0.0.1",
  "lockfileVersion": 1,
  "requires": true,
  "dependencies": {
    "csv-array": {
      "version": "0.0.22",
      "resolved": "https://registry.npmjs.org/csv-array/-/csv-array-0.0.22.tgz",
      "integrity": "sha1-KnbcQ+nyWG4yt7OfeF6UpF6cH3s=",
      "dev": true,
      "requires": {
        "fs": "0.0.2",
        "line-by-line": "0.1.5"
      }
    },
    "fs": {
      "version": "0.0.2",
      "resolved": "https://registry.npmjs.org/fs/-/fs-0.0.2.tgz",
      "integrity": "sha1-4fJE7zkzwbKmS9R5kTYGDQ9ZFPg=",
      "dev": true
    },
    "line-by-line": {
      "version": "0.1.5",
      "resolved": "https://registry.npmjs.org/line-by-line/-/line-by-line-0.1.5.tgz",
      "integrity": "sha1-GcRbWfCoBjLDC1xDpkf+Faq5BcI=",
      "dev": true
    },
    "ru-names": {
      "version": "1.0.7",
      "resolved": "https://registry.npmjs.org/ru-names/-/ru-names-1.0.7.tgz",
      "integrity": "sha512-7e3oBguFTYsl0baG2ANNhib8oClHhbIf2INQrEyB01MFwNuhTqwm6LCNB6MzHEOajHjK90kfha3i0nggokLyGg==",
      "dev": true
    }
  }
}
