{
  "requires": true,
  "lockfileVersion": 1,
  "dependencies": {
    "csv-array": {
      "version": "0.0.22",
      "resolved": "https://registry.npmjs.org/csv-array/-/csv-array-0.0.22.tgz",
      "integrity": "sha1-KnbcQ+nyWG4yt7OfeF6UpF6cH3s=",
      "requires": {
        "fs": "0.0.2",
        "line-by-line": "0.1.5"
      }
    },
    "fs": {
      "version": "0.0.2",
      "resolved": "https://registry.npmjs.org/fs/-/fs-0.0.2.tgz",
      "integrity": "sha1-4fJE7zkzwbKmS9R5kTYGDQ9ZFPg="
    },
    "line-by-line": {
      "version": "0.1.5",
      "resolved": "https://registry.npmjs.org/line-by-line/-/line-by-line-0.1.5.tgz",
      "integrity": "sha1-GcRbWfCoBjLDC1xDpkf+Faq5BcI="
    }
  }
}
